
Microsoft Visual Studio Solution File, Format Version 12.00
# Visual Studio 15
VisualStudioVersion = 15.0.27428.2011
MinimumVisualStudioVersion = 10.0.40219.1
Project("{FAE04EC0-301F-11D3-BF4B-00C04F79EFBC}") = "AddnApp", "AddnApp\AddnApp.csproj", "{5B5F722F-4080-4DE5-AA63-89C9245BC02A}"
EndProject
Global
	GlobalSection(SolutionConfigurationPlatforms) = preSolution
		Debug|Any CPU = Debug|Any CPU
		Release|Any CPU = Release|Any CPU
	EndGlobalSection
	GlobalSection(ProjectConfigurationPlatforms) = postSolution
		{5B5F722F-4080-4DE5-AA63-89C9245BC02A}.Debug|Any CPU.ActiveCfg = Debug|Any CPU
		{5B5F722F-4080-4DE5-AA63-89C9245BC02A}.Debug|Any CPU.Build.0 = Debug|Any CPU
		{5B5F722F-4080-4DE5-AA63-89C9245BC02A}.Debug|Any CPU.Deploy.0 = Debug|Any CPU
		{5B5F722F-4080-4DE5-AA63-89C9245BC02A}.Release|Any CPU.ActiveCfg = Release|Any CPU
		{5B5F722F-4080-4DE5-AA63-89C9245BC02A}.Release|Any CPU.Build.0 = Release|Any CPU
		{5B5F722F-4080-4DE5-AA63-89C9245BC02A}.Release|Any CPU.Deploy.0 = Release|Any CPU
	EndGlobalSection
	GlobalSection(SolutionProperties) = preSolution
		HideSolutionNode = FALSE
	EndGlobalSection
	GlobalSection(ExtensibilityGlobals) = postSolution
		SolutionGuid = {9A783569-BC51-4246-9C8E-53A459447796}
	EndGlobalSection
EndGlobal
